
Microsoft Visual Studio Solution File, Format Version 12.00
# Visual Studio Version 16
VisualStudioVersion = 16.0.30611.23
MinimumVisualStudioVersion = 10.0.40219.1
Project("{F184B08F-C81C-45F6-A57F-5ABD9991F28F}") = "es7(libro)", "es7(libro)\es7(libro).vbproj", "{C695633A-A8C0-44C8-9B64-35531F29E766}"
EndProject
Global
	GlobalSection(SolutionConfigurationPlatforms) = preSolution
		Debug|Any CPU = Debug|Any CPU
		Release|Any CPU = Release|Any CPU
	EndGlobalSection
	GlobalSection(ProjectConfigurationPlatforms) = postSolution
		{C695633A-A8C0-44C8-9B64-35531F29E766}.Debug|Any CPU.ActiveCfg = Debug|Any CPU
		{C695633A-A8C0-44C8-9B64-35531F29E766}.Debug|Any CPU.Build.0 = Debug|Any CPU
		{C695633A-A8C0-44C8-9B64-35531F29E766}.Release|Any CPU.ActiveCfg = Release|Any CPU
		{C695633A-A8C0-44C8-9B64-35531F29E766}.Release|Any CPU.Build.0 = Release|Any CPU
	EndGlobalSection
	GlobalSection(SolutionProperties) = preSolution
		HideSolutionNode = FALSE
	EndGlobalSection
	GlobalSection(ExtensibilityGlobals) = postSolution
		SolutionGuid = {94EBCD79-2B41-46A8-86A5-B9BC3DE1C20C}
	EndGlobalSection
EndGlobal
