
Microsoft Visual Studio Solution File, Format Version 11.00
# Visual Basic Express 2010
Project("{F184B08F-C81C-45F6-A57F-5ABD9991F28F}") = "es1", "es1\es1.vbproj", "{07B2B94A-D0D8-4A04-9781-3D496EA057EE}"
EndProject
Global
	GlobalSection(SolutionConfigurationPlatforms) = preSolution
		Debug|x86 = Debug|x86
		Release|x86 = Release|x86
	EndGlobalSection
	GlobalSection(ProjectConfigurationPlatforms) = postSolution
		{07B2B94A-D0D8-4A04-9781-3D496EA057EE}.Debug|x86.ActiveCfg = Debug|x86
		{07B2B94A-D0D8-4A04-9781-3D496EA057EE}.Debug|x86.Build.0 = Debug|x86
		{07B2B94A-D0D8-4A04-9781-3D496EA057EE}.Release|x86.ActiveCfg = Release|x86
		{07B2B94A-D0D8-4A04-9781-3D496EA057EE}.Release|x86.Build.0 = Release|x86
	EndGlobalSection
	GlobalSection(SolutionProperties) = preSolution
		HideSolutionNode = FALSE
	EndGlobalSection
EndGlobal
