
Microsoft Visual Studio Solution File, Format Version 11.00
# Visual Basic Express 2010
Project("{F184B08F-C81C-45F6-A57F-5ABD9991F28F}") = "ConsoleApplication1", "ConsoleApplication1\ConsoleApplication1.vbproj", "{E574A492-0929-42FC-984B-047B0E276295}"
EndProject
Global
	GlobalSection(SolutionConfigurationPlatforms) = preSolution
		Debug|x86 = Debug|x86
		Release|x86 = Release|x86
	EndGlobalSection
	GlobalSection(ProjectConfigurationPlatforms) = postSolution
		{E574A492-0929-42FC-984B-047B0E276295}.Debug|x86.ActiveCfg = Debug|x86
		{E574A492-0929-42FC-984B-047B0E276295}.Debug|x86.Build.0 = Debug|x86
		{E574A492-0929-42FC-984B-047B0E276295}.Release|x86.ActiveCfg = Release|x86
		{E574A492-0929-42FC-984B-047B0E276295}.Release|x86.Build.0 = Release|x86
	EndGlobalSection
	GlobalSection(SolutionProperties) = preSolution
		HideSolutionNode = FALSE
	EndGlobalSection
EndGlobal
