
Microsoft Visual Studio Solution File, Format Version 12.00
# Visual Studio Version 16
VisualStudioVersion = 16.0.30621.155
MinimumVisualStudioVersion = 10.0.40219.1
Project("{F184B08F-C81C-45F6-A57F-5ABD9991F28F}") = "2", "2.vbproj", "{C7E8EEF9-AEC3-44F0-92FE-78AB5FDF6903}"
EndProject
Global
	GlobalSection(SolutionConfigurationPlatforms) = preSolution
		Debug|Any CPU = Debug|Any CPU
		Release|Any CPU = Release|Any CPU
	EndGlobalSection
	GlobalSection(ProjectConfigurationPlatforms) = postSolution
		{C7E8EEF9-AEC3-44F0-92FE-78AB5FDF6903}.Debug|Any CPU.ActiveCfg = Debug|Any CPU
		{C7E8EEF9-AEC3-44F0-92FE-78AB5FDF6903}.Debug|Any CPU.Build.0 = Debug|Any CPU
		{C7E8EEF9-AEC3-44F0-92FE-78AB5FDF6903}.Release|Any CPU.ActiveCfg = Release|Any CPU
		{C7E8EEF9-AEC3-44F0-92FE-78AB5FDF6903}.Release|Any CPU.Build.0 = Release|Any CPU
	EndGlobalSection
	GlobalSection(SolutionProperties) = preSolution
		HideSolutionNode = FALSE
	EndGlobalSection
	GlobalSection(ExtensibilityGlobals) = postSolution
		SolutionGuid = {FBB7BAFE-B93C-49B3-9370-9DC543B1C4B1}
	EndGlobalSection
EndGlobal
